<?xml version="1.0" encoding="utf-8"?>
<Project ToolsVersion="4.0" xmlns="http://schemas.microsoft.com/developer/msbuild/2003">
  <ItemGroup>
    <ClCompile Include="WinMain.cpp" />
    <ClCompile Include="SpaceScene.cpp" />
    <ClCompile Include="PlanetInfo.cpp" />
  </ItemGroup>
  <ItemGroup>
    <ClInclude Include="SpaceScene.h" />
    <ClInclude Include="PlanetInfo.h" />
  </ItemGroup>
</Project>