<?xml version="1.0" encoding="utf-8"?>
<Project ToolsVersion="4.0" xmlns="http://schemas.microsoft.com/developer/msbuild/2003">
  <ItemGroup>
    <Filter Include="Inc">
      <UniqueIdentifier>{8e2f8b07-1f87-4679-9d39-2ab02622a5e9}</UniqueIdentifier>
    </Filter>
    <Filter Include="Src">
      <UniqueIdentifier>{9aa78bd7-0176-4c36-87b7-c70a09be293b}</UniqueIdentifier>
    </Filter>
    <Filter Include="Src\Pch">
      <UniqueIdentifier>{d9b02f18-9ef0-4675-b6de-900adf327d24}</UniqueIdentifier>
    </Filter>
    <Filter Include="Inc\Camera">
      <UniqueIdentifier>{d40b4e85-33cc-49be-adb1-f4a523dbd002}</UniqueIdentifier>
    </Filter>
    <Filter Include="Inc\Mesh">
      <UniqueIdentifier>{c6bfb591-18f0-49ca-bc6a-597c411b271c}</UniqueIdentifier>
    </Filter>
    <Filter Include="Inc\Material">
      <UniqueIdentifier>{2131cbdb-23a6-4f98-8dd1-6e3f2aafd082}</UniqueIdentifier>
    </Filter>
    <Filter Include="Inc\Utility">
      <UniqueIdentifier>{244c2a41-15ec-4585-a798-ce803eff05bf}</UniqueIdentifier>
    </Filter>
    <Filter Include="Inc\Shader">
      <UniqueIdentifier>{32c04cdf-62ed-41cf-89b0-f4c9727afa95}</UniqueIdentifier>
    </Filter>
    <Filter Include="Inc\Renderer">
      <UniqueIdentifier>{f14b16ae-b3f9-45ad-bdcd-de2346ef89e5}</UniqueIdentifier>
    </Filter>
    <Filter Include="Inc\Effects">
      <UniqueIdentifier>{568577fa-030f-49ad-be2f-de0e624d4f0c}</UniqueIdentifier>
    </Filter>
    <Filter Include="Inc\RenderState">
      <UniqueIdentifier>{b09f92f9-2ff8-4de1-816a-9c1545d6caa2}</UniqueIdentifier>
    </Filter>
    <Filter Include="Src\Camera">
      <UniqueIdentifier>{36d59fef-f72d-47f0-ad38-25bed5299567}</UniqueIdentifier>
    </Filter>
    <Filter Include="Src\Mesh">
      <UniqueIdentifier>{162de1e0-a012-416d-bd2a-939d95cb1cc4}</UniqueIdentifier>
    </Filter>
    <Filter Include="Src\Effects">
      <UniqueIdentifier>{1e3315be-fcb5-4df5-a7f2-a90990a1fb06}</UniqueIdentifier>
    </Filter>
    <Filter Include="Src\Material">
      <UniqueIdentifier>{cb5c0494-a723-4537-92a5-19910524b4e3}</UniqueIdentifier>
    </Filter>
    <Filter Include="Src\Shader">
      <UniqueIdentifier>{d9791c51-c117-4476-b90b-8d3897c2912c}</UniqueIdentifier>
    </Filter>
    <Filter Include="Src\Utility">
      <UniqueIdentifier>{b9b4cd00-669c-4c7e-9061-1b141653b282}</UniqueIdentifier>
    </Filter>
    <Filter Include="Src\RenderState">
      <UniqueIdentifier>{f86c55c1-d22a-43e4-9124-9e7cb533b1b1}</UniqueIdentifier>
    </Filter>
    <Filter Include="Src\Renderer">
      <UniqueIdentifier>{594a056f-aa66-47c9-ac75-6620d4904e52}</UniqueIdentifier>
    </Filter>
    <Filter Include="Inc\Model">
      <UniqueIdentifier>{3aef2f27-2fea-4802-ad39-9630f69ff8f1}</UniqueIdentifier>
    </Filter>
    <Filter Include="Src\Model">
      <UniqueIdentifier>{478bc216-f177-4a99-970d-4d6c5a0c1b36}</UniqueIdentifier>
    </Filter>
    <Filter Include="Inc\Animation">
      <UniqueIdentifier>{72e90183-bb08-4e2c-b4b7-c66684c3f9dc}</UniqueIdentifier>
    </Filter>
    <Filter Include="Src\Animation">
      <UniqueIdentifier>{763e06ba-4417-4592-9aca-711d893e8f1f}</UniqueIdentifier>
    </Filter>
  </ItemGroup>
  <ItemGroup>
    <ClInclude Include="Inc\Common.h">
      <Filter>Inc</Filter>
    </ClInclude>
    <ClInclude Include="Inc\Graphics.h">
      <Filter>Inc</Filter>
    </ClInclude>
    <ClInclude Include="Inc\GraphicsSystem.h">
      <Filter>Inc</Filter>
    </ClInclude>
    <ClInclude Include="Src\Precompiled.h">
      <Filter>Src\Pch</Filter>
    </ClInclude>
    <ClInclude Include="Inc\StandardEffect.h">
      <Filter>Inc\Effects</Filter>
    </ClInclude>
    <ClInclude Include="Inc\Camera.h">
      <Filter>Inc\Camera</Filter>
    </ClInclude>
    <ClInclude Include="Inc\Sampler.h">
      <Filter>Inc\Material</Filter>
    </ClInclude>
    <ClInclude Include="Inc\DebugUI.h">
      <Filter>Inc\Utility</Filter>
    </ClInclude>
    <ClInclude Include="Inc\ConstantBuffer.h">
      <Filter>Inc\Shader</Filter>
    </ClInclude>
    <ClInclude Include="Inc\PixelShader.h">
      <Filter>Inc\Shader</Filter>
    </ClInclude>
    <ClInclude Include="Inc\VertexShader.h">
      <Filter>Inc\Shader</Filter>
    </ClInclude>
    <ClInclude Include="Inc\Transform.h">
      <Filter>Inc\Renderer</Filter>
    </ClInclude>
    <ClInclude Include="Inc\SimpleDraw.h">
      <Filter>Inc\Renderer</Filter>
    </ClInclude>
    <ClInclude Include="Inc\RenderObject.h">
      <Filter>Inc\Renderer</Filter>
    </ClInclude>
    <ClInclude Include="Inc\BlendState.h">
      <Filter>Inc\RenderState</Filter>
    </ClInclude>
    <ClInclude Include="Inc\VertexTypes.h">
      <Filter>Inc\Mesh</Filter>
    </ClInclude>
    <ClInclude Include="Inc\MeshTypes.h">
      <Filter>Inc\Mesh</Filter>
    </ClInclude>
    <ClInclude Include="Inc\MeshBuilder.h">
      <Filter>Inc\Mesh</Filter>
    </ClInclude>
    <ClInclude Include="Inc\MeshBuffer.h">
      <Filter>Inc\Mesh</Filter>
    </ClInclude>
    <ClInclude Include="Src\Colors.h">
      <Filter>Inc\Material</Filter>
    </ClInclude>
    <ClInclude Include="Inc\LightType.h">
      <Filter>Inc\Material</Filter>
    </ClInclude>
    <ClInclude Include="Inc\Material.h">
      <Filter>Inc\Material</Filter>
    </ClInclude>
    <ClInclude Include="Inc\Texture.h">
      <Filter>Inc\Material</Filter>
    </ClInclude>
    <ClInclude Include="Inc\PostProcessingEffect.h">
      <Filter>Inc\Effects</Filter>
    </ClInclude>
    <ClInclude Include="Inc\TextureManager.h">
      <Filter>Inc\Material</Filter>
    </ClInclude>
    <ClInclude Include="Inc\RenderTarget.h">
      <Filter>Inc\RenderState</Filter>
    </ClInclude>
    <ClInclude Include="Inc\GaussianBlurEffect.h">
      <Filter>Inc\Effects</Filter>
    </ClInclude>
    <ClInclude Include="Inc\ShadowEffect.h">
      <Filter>Inc\Effects</Filter>
    </ClInclude>
    <ClInclude Include="Inc\Model.h">
      <Filter>Inc\Model</Filter>
    </ClInclude>
    <ClInclude Include="Inc\ModelIO.h">
      <Filter>Inc\Model</Filter>
    </ClInclude>
    <ClInclude Include="Inc\CameraUtil.h">
      <Filter>Inc\Camera</Filter>
    </ClInclude>
    <ClInclude Include="Inc\WaterEffect.h">
      <Filter>Inc\Effects</Filter>
    </ClInclude>
    <ClInclude Include="Inc\Keyframe.h">
      <Filter>Inc\Animation</Filter>
    </ClInclude>
    <ClInclude Include="Inc\Animation.h">
      <Filter>Inc\Animation</Filter>
    </ClInclude>
    <ClInclude Include="Inc\AnimationBuilder.h">
      <Filter>Inc\Animation</Filter>
    </ClInclude>
    <ClInclude Include="Inc\Bone.h">
      <Filter>Inc\Animation</Filter>
    </ClInclude>
    <ClInclude Include="Inc\Skeleton.h">
      <Filter>Inc\Animation</Filter>
    </ClInclude>
    <ClInclude Include="Inc\AnimationUtil.h">
      <Filter>Inc\Animation</Filter>
    </ClInclude>
    <ClInclude Include="Inc\AnimationClip.h">
      <Filter>Inc\Animation</Filter>
    </ClInclude>
    <ClInclude Include="Inc\Animator.h">
      <Filter>Inc\Animation</Filter>
    </ClInclude>
    <ClInclude Include="Inc\ModelManager.h">
      <Filter>Inc\Model</Filter>
    </ClInclude>
  </ItemGroup>
  <ItemGroup>
    <ClCompile Include="Src\GraphicsSystem.cpp">
      <Filter>Src</Filter>
    </ClCompile>
    <ClCompile Include="Src\Precompiled.cpp">
      <Filter>Src\Pch</Filter>
    </ClCompile>
    <ClCompile Include="Src\BlendState.cpp">
      <Filter>Src\RenderState</Filter>
    </ClCompile>
    <ClCompile Include="Src\Camera.cpp">
      <Filter>Src\Camera</Filter>
    </ClCompile>
    <ClCompile Include="Src\DebugUI.cpp">
      <Filter>Src\Utility</Filter>
    </ClCompile>
    <ClCompile Include="Src\ConstantBuffer.cpp">
      <Filter>Src\Shader</Filter>
    </ClCompile>
    <ClCompile Include="Src\VertexShader.cpp">
      <Filter>Src\Shader</Filter>
    </ClCompile>
    <ClCompile Include="Src\PixelShader.cpp">
      <Filter>Src\Shader</Filter>
    </ClCompile>
    <ClCompile Include="Src\PostProcessingEffect.cpp">
      <Filter>Src\Effects</Filter>
    </ClCompile>
    <ClCompile Include="Src\StandardEffect.cpp">
      <Filter>Src\Effects</Filter>
    </ClCompile>
    <ClCompile Include="Src\MeshBuffer.cpp">
      <Filter>Src\Mesh</Filter>
    </ClCompile>
    <ClCompile Include="Src\MeshBuilder.cpp">
      <Filter>Src\Mesh</Filter>
    </ClCompile>
    <ClCompile Include="Src\SimpleDraw.cpp">
      <Filter>Src\Renderer</Filter>
    </ClCompile>
    <ClCompile Include="Src\Texture.cpp">
      <Filter>Src\Material</Filter>
    </ClCompile>
    <ClCompile Include="Src\Sampler.cpp">
      <Filter>Src\Material</Filter>
    </ClCompile>
    <ClCompile Include="Src\TextureManager.cpp">
      <Filter>Src\Material</Filter>
    </ClCompile>
    <ClCompile Include="Src\RenderTarget.cpp">
      <Filter>Src\RenderState</Filter>
    </ClCompile>
    <ClCompile Include="Src\GaussianBlurEffect.cpp">
      <Filter>Src\Effects</Filter>
    </ClCompile>
    <ClCompile Include="Src\ShadowEffect.cpp">
      <Filter>Src\Effects</Filter>
    </ClCompile>
    <ClCompile Include="Src\ModelIO.cpp">
      <Filter>Src\Model</Filter>
    </ClCompile>
    <ClCompile Include="Src\CameraUtil.cpp">
      <Filter>Src\Camera</Filter>
    </ClCompile>
    <ClCompile Include="Src\WaterEffect.cpp">
      <Filter>Src\Effects</Filter>
    </ClCompile>
    <ClCompile Include="Src\AnimationBuilder.cpp">
      <Filter>Src\Animation</Filter>
    </ClCompile>
    <ClCompile Include="Src\RenderObject.cpp">
      <Filter>Src\Renderer</Filter>
    </ClCompile>
    <ClCompile Include="Src\AnimationUtil.cpp">
      <Filter>Src\Animation</Filter>
    </ClCompile>
    <ClCompile Include="Src\Animator.cpp">
      <Filter>Src\Animation</Filter>
    </ClCompile>
    <ClCompile Include="Src\Animation.cpp">
      <Filter>Src\Animation</Filter>
    </ClCompile>
    <ClCompile Include="Src\ModelManager.cpp">
      <Filter>Src\Model</Filter>
    </ClCompile>
  </ItemGroup>
</Project>